
Microsoft Visual Studio Solution File, Format Version 12.00
# Visual Studio 15
VisualStudioVersion = 15.0.26124.0
MinimumVisualStudioVersion = 15.0.26124.0
Project("{2150E333-8FDC-42A3-9474-1A3956D46DE8}") = "src", "src", "{970475C1-8CC2-493E-A566-FF1CF7EDF608}"
EndProject
Project("{FAE04EC0-301F-11D3-BF4B-00C04F79EFBC}") = "Aisoftware.Tracker.Admin", "src\Aisoftware.Tracker.Admin\Aisoftware.Tracker.Admin.csproj", "{6CAC017F-2D9B-4570-A4B3-45AE082CBCC5}"
EndProject
Project("{FAE04EC0-301F-11D3-BF4B-00C04F79EFBC}") = "Aisoftware.Tracker.Borders", "src\Aisoftware.Tracker.Borders\Aisoftware.Tracker.Borders.csproj", "{B6B0CC39-9E1C-4F27-92AD-7ACEC0E8A98D}"
EndProject
Project("{FAE04EC0-301F-11D3-BF4B-00C04F79EFBC}") = "Aisoftware.Tracker.UseCases", "src\Aisoftware.Tracker.UseCases\Aisoftware.Tracker.UseCases.csproj", "{53F88FF6-E82D-4307-8411-119DEBA18AE8}"
EndProject
Project("{FAE04EC0-301F-11D3-BF4B-00C04F79EFBC}") = "Aisoftware.Tracker.Repositories", "src\Aisoftware.Tracker.Repositories\Aisoftware.Tracker.Repositories.csproj", "{D30F6639-F834-436A-B283-5CF585B80066}"
EndProject
Global
	GlobalSection(SolutionConfigurationPlatforms) = preSolution
		Debug|Any CPU = Debug|Any CPU
		Debug|x64 = Debug|x64
		Debug|x86 = Debug|x86
		Release|Any CPU = Release|Any CPU
		Release|x64 = Release|x64
		Release|x86 = Release|x86
	EndGlobalSection
	GlobalSection(SolutionProperties) = preSolution
		HideSolutionNode = FALSE
	EndGlobalSection
	GlobalSection(ProjectConfigurationPlatforms) = postSolution
		{6CAC017F-2D9B-4570-A4B3-45AE082CBCC5}.Debug|Any CPU.ActiveCfg = Debug|Any CPU
		{6CAC017F-2D9B-4570-A4B3-45AE082CBCC5}.Debug|Any CPU.Build.0 = Debug|Any CPU
		{6CAC017F-2D9B-4570-A4B3-45AE082CBCC5}.Debug|x64.ActiveCfg = Debug|Any CPU
		{6CAC017F-2D9B-4570-A4B3-45AE082CBCC5}.Debug|x64.Build.0 = Debug|Any CPU
		{6CAC017F-2D9B-4570-A4B3-45AE082CBCC5}.Debug|x86.ActiveCfg = Debug|Any CPU
		{6CAC017F-2D9B-4570-A4B3-45AE082CBCC5}.Debug|x86.Build.0 = Debug|Any CPU
		{6CAC017F-2D9B-4570-A4B3-45AE082CBCC5}.Release|Any CPU.ActiveCfg = Release|Any CPU
		{6CAC017F-2D9B-4570-A4B3-45AE082CBCC5}.Release|Any CPU.Build.0 = Release|Any CPU
		{6CAC017F-2D9B-4570-A4B3-45AE082CBCC5}.Release|x64.ActiveCfg = Release|Any CPU
		{6CAC017F-2D9B-4570-A4B3-45AE082CBCC5}.Release|x64.Build.0 = Release|Any CPU
		{6CAC017F-2D9B-4570-A4B3-45AE082CBCC5}.Release|x86.ActiveCfg = Release|Any CPU
		{6CAC017F-2D9B-4570-A4B3-45AE082CBCC5}.Release|x86.Build.0 = Release|Any CPU
		{B6B0CC39-9E1C-4F27-92AD-7ACEC0E8A98D}.Debug|Any CPU.ActiveCfg = Debug|Any CPU
		{B6B0CC39-9E1C-4F27-92AD-7ACEC0E8A98D}.Debug|Any CPU.Build.0 = Debug|Any CPU
		{B6B0CC39-9E1C-4F27-92AD-7ACEC0E8A98D}.Debug|x64.ActiveCfg = Debug|Any CPU
		{B6B0CC39-9E1C-4F27-92AD-7ACEC0E8A98D}.Debug|x64.Build.0 = Debug|Any CPU
		{B6B0CC39-9E1C-4F27-92AD-7ACEC0E8A98D}.Debug|x86.ActiveCfg = Debug|Any CPU
		{B6B0CC39-9E1C-4F27-92AD-7ACEC0E8A98D}.Debug|x86.Build.0 = Debug|Any CPU
		{B6B0CC39-9E1C-4F27-92AD-7ACEC0E8A98D}.Release|Any CPU.ActiveCfg = Release|Any CPU
		{B6B0CC39-9E1C-4F27-92AD-7ACEC0E8A98D}.Release|Any CPU.Build.0 = Release|Any CPU
		{B6B0CC39-9E1C-4F27-92AD-7ACEC0E8A98D}.Release|x64.ActiveCfg = Release|Any CPU
		{B6B0CC39-9E1C-4F27-92AD-7ACEC0E8A98D}.Release|x64.Build.0 = Release|Any CPU
		{B6B0CC39-9E1C-4F27-92AD-7ACEC0E8A98D}.Release|x86.ActiveCfg = Release|Any CPU
		{B6B0CC39-9E1C-4F27-92AD-7ACEC0E8A98D}.Release|x86.Build.0 = Release|Any CPU
		{53F88FF6-E82D-4307-8411-119DEBA18AE8}.Debug|Any CPU.ActiveCfg = Debug|Any CPU
		{53F88FF6-E82D-4307-8411-119DEBA18AE8}.Debug|Any CPU.Build.0 = Debug|Any CPU
		{53F88FF6-E82D-4307-8411-119DEBA18AE8}.Debug|x64.ActiveCfg = Debug|Any CPU
		{53F88FF6-E82D-4307-8411-119DEBA18AE8}.Debug|x64.Build.0 = Debug|Any CPU
		{53F88FF6-E82D-4307-8411-119DEBA18AE8}.Debug|x86.ActiveCfg = Debug|Any CPU
		{53F88FF6-E82D-4307-8411-119DEBA18AE8}.Debug|x86.Build.0 = Debug|Any CPU
		{53F88FF6-E82D-4307-8411-119DEBA18AE8}.Release|Any CPU.ActiveCfg = Release|Any CPU
		{53F88FF6-E82D-4307-8411-119DEBA18AE8}.Release|Any CPU.Build.0 = Release|Any CPU
		{53F88FF6-E82D-4307-8411-119DEBA18AE8}.Release|x64.ActiveCfg = Release|Any CPU
		{53F88FF6-E82D-4307-8411-119DEBA18AE8}.Release|x64.Build.0 = Release|Any CPU
		{53F88FF6-E82D-4307-8411-119DEBA18AE8}.Release|x86.ActiveCfg = Release|Any CPU
		{53F88FF6-E82D-4307-8411-119DEBA18AE8}.Release|x86.Build.0 = Release|Any CPU
		{D30F6639-F834-436A-B283-5CF585B80066}.Debug|Any CPU.ActiveCfg = Debug|Any CPU
		{D30F6639-F834-436A-B283-5CF585B80066}.Debug|Any CPU.Build.0 = Debug|Any CPU
		{D30F6639-F834-436A-B283-5CF585B80066}.Debug|x64.ActiveCfg = Debug|Any CPU
		{D30F6639-F834-436A-B283-5CF585B80066}.Debug|x64.Build.0 = Debug|Any CPU
		{D30F6639-F834-436A-B283-5CF585B80066}.Debug|x86.ActiveCfg = Debug|Any CPU
		{D30F6639-F834-436A-B283-5CF585B80066}.Debug|x86.Build.0 = Debug|Any CPU
		{D30F6639-F834-436A-B283-5CF585B80066}.Release|Any CPU.ActiveCfg = Release|Any CPU
		{D30F6639-F834-436A-B283-5CF585B80066}.Release|Any CPU.Build.0 = Release|Any CPU
		{D30F6639-F834-436A-B283-5CF585B80066}.Release|x64.ActiveCfg = Release|Any CPU
		{D30F6639-F834-436A-B283-5CF585B80066}.Release|x64.Build.0 = Release|Any CPU
		{D30F6639-F834-436A-B283-5CF585B80066}.Release|x86.ActiveCfg = Release|Any CPU
		{D30F6639-F834-436A-B283-5CF585B80066}.Release|x86.Build.0 = Release|Any CPU
	EndGlobalSection
	GlobalSection(NestedProjects) = preSolution
		{6CAC017F-2D9B-4570-A4B3-45AE082CBCC5} = {970475C1-8CC2-493E-A566-FF1CF7EDF608}
		{B6B0CC39-9E1C-4F27-92AD-7ACEC0E8A98D} = {970475C1-8CC2-493E-A566-FF1CF7EDF608}
		{53F88FF6-E82D-4307-8411-119DEBA18AE8} = {970475C1-8CC2-493E-A566-FF1CF7EDF608}
		{D30F6639-F834-436A-B283-5CF585B80066} = {970475C1-8CC2-493E-A566-FF1CF7EDF608}
	EndGlobalSection
EndGlobal
